
Microsoft Visual Studio Solution File, Format Version 12.00
# Visual Studio Version 17
VisualStudioVersion = 17.14.36127.28 d17.14
MinimumVisualStudioVersion = 10.0.40219.1
Project("{FAE04EC0-301F-11D3-BF4B-00C04F79EFBC}") = "Observability", "Observability.csproj", "{CC09606C-8616-41A7-882F-4F2626C702BC}"
EndProject
Global
	GlobalSection(SolutionConfigurationPlatforms) = preSolution
		Debug|Any CPU = Debug|Any CPU
		Release|Any CPU = Release|Any CPU
	EndGlobalSection
	GlobalSection(ProjectConfigurationPlatforms) = postSolution
		{CC09606C-8616-41A7-882F-4F2626C702BC}.Debug|Any CPU.ActiveCfg = Debug|Any CPU
		{CC09606C-8616-41A7-882F-4F2626C702BC}.Debug|Any CPU.Build.0 = Debug|Any CPU
		{CC09606C-8616-41A7-882F-4F2626C702BC}.Release|Any CPU.ActiveCfg = Release|Any CPU
		{CC09606C-8616-41A7-882F-4F2626C702BC}.Release|Any CPU.Build.0 = Release|Any CPU
	EndGlobalSection
	GlobalSection(SolutionProperties) = preSolution
		HideSolutionNode = FALSE
	EndGlobalSection
	GlobalSection(ExtensibilityGlobals) = postSolution
		SolutionGuid = {2F94A123-8EAE-4A96-9F47-C0D6A3EB7597}
	EndGlobalSection
EndGlobal
